github.com/Lzyct/go-mod-hello v1.0.0 h1:9+AsUIPk+5dsDvo57qJ/HwRFxXoNG3v8M2WpyoZ17ro=
github.com/Lzyct/go-mod-hello v1.0.0/go.mod h1:QzFgar3mfGN2vFUAn/dYMFG4Eq7wybpr/5wM7Tqujn4=
github.com/Lzyct/go-mod-hello v1.1.0 h1:nTuVTxOc5mb4YyORFGJPHabNqVyzDIZGeupLXnQTGCw=
github.com/Lzyct/go-mod-hello v1.1.0/go.mod h1:QzFgar3mfGN2vFUAn/dYMFG4Eq7wybpr/5wM7Tqujn4=
